
Microsoft Visual Studio Solution File, Format Version 12.00
# Visual Studio 15
VisualStudioVersion = 15.0.28307.645
MinimumVisualStudioVersion = 10.0.40219.1
Project("{FAE04EC0-301F-11D3-BF4B-00C04F79EFBC}") = "MyWeb", "MyWeb\MyWeb.csproj", "{BE189F8D-548D-4DC9-9EEB-E25EB7364594}"
EndProject
Global
	GlobalSection(SolutionConfigurationPlatforms) = preSolution
		Debug|Any CPU = Debug|Any CPU
		Release|Any CPU = Release|Any CPU
	EndGlobalSection
	GlobalSection(ProjectConfigurationPlatforms) = postSolution
		{BE189F8D-548D-4DC9-9EEB-E25EB7364594}.Debug|Any CPU.ActiveCfg = Debug|Any CPU
		{BE189F8D-548D-4DC9-9EEB-E25EB7364594}.Debug|Any CPU.Build.0 = Debug|Any CPU
		{BE189F8D-548D-4DC9-9EEB-E25EB7364594}.Release|Any CPU.ActiveCfg = Release|Any CPU
		{BE189F8D-548D-4DC9-9EEB-E25EB7364594}.Release|Any CPU.Build.0 = Release|Any CPU
	EndGlobalSection
	GlobalSection(SolutionProperties) = preSolution
		HideSolutionNode = FALSE
	EndGlobalSection
	GlobalSection(ExtensibilityGlobals) = postSolution
		SolutionGuid = {C3FEA641-A310-4815-81CF-74C8E1568551}
	EndGlobalSection
EndGlobal
